
Microsoft Visual Studio Solution File, Format Version 12.00
Project("{FAE04EC0-301F-11D3-BF4B-00C04F79EFBC}") = "Animals", "Animals\Animals.csproj", "{A8EEAB88-8426-4904-B9F3-B5E1779DD0AE}"
EndProject
Global
	GlobalSection(SolutionConfigurationPlatforms) = preSolution
		Debug|Any CPU = Debug|Any CPU
		Release|Any CPU = Release|Any CPU
	EndGlobalSection
	GlobalSection(ProjectConfigurationPlatforms) = postSolution
		{A8EEAB88-8426-4904-B9F3-B5E1779DD0AE}.Debug|Any CPU.ActiveCfg = Debug|Any CPU
		{A8EEAB88-8426-4904-B9F3-B5E1779DD0AE}.Debug|Any CPU.Build.0 = Debug|Any CPU
		{A8EEAB88-8426-4904-B9F3-B5E1779DD0AE}.Release|Any CPU.ActiveCfg = Release|Any CPU
		{A8EEAB88-8426-4904-B9F3-B5E1779DD0AE}.Release|Any CPU.Build.0 = Release|Any CPU
	EndGlobalSection
EndGlobal
